
Microsoft Visual Studio Solution File, Format Version 12.00
# Visual Studio 2012
Project("{8BC9CEB8-8B4A-11D0-8D11-00A0C91BC942}") = "learn01", "learn01\learn01.vcxproj", "{27739914-1EC7-4E71-B77C-9D94AF3F366E}"
EndProject
Project("{8BC9CEB8-8B4A-11D0-8D11-00A0C91BC942}") = "learn02", "learn02\learn02.vcxproj", "{6A0432CA-DF8F-468A-A5D3-74FC56E9D23C}"
EndProject
Project("{8BC9CEB8-8B4A-11D0-8D11-00A0C91BC942}") = "learn03", "learn03\learn03.vcxproj", "{9D538DEC-93EB-4623-B796-AB13968A241D}"
EndProject
Project("{8BC9CEB8-8B4A-11D0-8D11-00A0C91BC942}") = "learn04", "learn04\learn04.vcxproj", "{465DE063-FA49-488F-8011-CBAEB067E1FE}"
EndProject
Project("{8BC9CEB8-8B4A-11D0-8D11-00A0C91BC942}") = "learn05", "learn05\learn05.vcxproj", "{DF3F25E3-CC4D-461E-AE5B-52F42DA11D31}"
EndProject
Project("{8BC9CEB8-8B4A-11D0-8D11-00A0C91BC942}") = "learn06", "learn06\learn06.vcxproj", "{15B5F37B-0DF2-4BEC-AAF0-B3D42F845897}"
EndProject
Project("{8BC9CEB8-8B4A-11D0-8D11-00A0C91BC942}") = "learn07", "learn07\learn07.vcxproj", "{B14C6E71-B782-4194-902E-E188DEAC78E6}"
EndProject
Project("{8BC9CEB8-8B4A-11D0-8D11-00A0C91BC942}") = "learn08", "learn08\learn08.vcxproj", "{44E08A73-9AF4-460D-8C3F-78C83ED02DBB}"
EndProject
Project("{8BC9CEB8-8B4A-11D0-8D11-00A0C91BC942}") = "learn09", "learn09\learn09.vcxproj", "{2E6C3C4E-D2EF-4590-8C64-F07A9529DFE1}"
EndProject
Project("{8BC9CEB8-8B4A-11D0-8D11-00A0C91BC942}") = "learn10", "learn10\learn10.vcxproj", "{7941C5D0-B889-418A-864B-EFF5EB073B6D}"
EndProject
Project("{8BC9CEB8-8B4A-11D0-8D11-00A0C91BC942}") = "learn11", "learn11\learn11.vcxproj", "{9CCBA839-6B46-4D81-8256-4B90FC1A5C28}"
EndProject
Project("{8BC9CEB8-8B4A-11D0-8D11-00A0C91BC942}") = "learn12", "learn12\learn12.vcxproj", "{83716FAC-173F-4711-B13A-F87B5DDCFAEE}"
EndProject
Global
	GlobalSection(SolutionConfigurationPlatforms) = preSolution
		Debug|Win32 = Debug|Win32
		MinSizeRel|Win32 = MinSizeRel|Win32
		Release|Win32 = Release|Win32
		RelWithDebInfo|Win32 = RelWithDebInfo|Win32
	EndGlobalSection
	GlobalSection(ProjectConfigurationPlatforms) = postSolution
		{27739914-1EC7-4E71-B77C-9D94AF3F366E}.Debug|Win32.ActiveCfg = Debug|Win32
		{27739914-1EC7-4E71-B77C-9D94AF3F366E}.Debug|Win32.Build.0 = Debug|Win32
		{27739914-1EC7-4E71-B77C-9D94AF3F366E}.MinSizeRel|Win32.ActiveCfg = Release|Win32
		{27739914-1EC7-4E71-B77C-9D94AF3F366E}.MinSizeRel|Win32.Build.0 = Release|Win32
		{27739914-1EC7-4E71-B77C-9D94AF3F366E}.Release|Win32.ActiveCfg = Release|Win32
		{27739914-1EC7-4E71-B77C-9D94AF3F366E}.Release|Win32.Build.0 = Release|Win32
		{27739914-1EC7-4E71-B77C-9D94AF3F366E}.RelWithDebInfo|Win32.ActiveCfg = Release|Win32
		{27739914-1EC7-4E71-B77C-9D94AF3F366E}.RelWithDebInfo|Win32.Build.0 = Release|Win32
		{6A0432CA-DF8F-468A-A5D3-74FC56E9D23C}.Debug|Win32.ActiveCfg = Debug|Win32
		{6A0432CA-DF8F-468A-A5D3-74FC56E9D23C}.Debug|Win32.Build.0 = Debug|Win32
		{6A0432CA-DF8F-468A-A5D3-74FC56E9D23C}.MinSizeRel|Win32.ActiveCfg = Release|Win32
		{6A0432CA-DF8F-468A-A5D3-74FC56E9D23C}.MinSizeRel|Win32.Build.0 = Release|Win32
		{6A0432CA-DF8F-468A-A5D3-74FC56E9D23C}.Release|Win32.ActiveCfg = Release|Win32
		{6A0432CA-DF8F-468A-A5D3-74FC56E9D23C}.Release|Win32.Build.0 = Release|Win32
		{6A0432CA-DF8F-468A-A5D3-74FC56E9D23C}.RelWithDebInfo|Win32.ActiveCfg = Release|Win32
		{6A0432CA-DF8F-468A-A5D3-74FC56E9D23C}.RelWithDebInfo|Win32.Build.0 = Release|Win32
		{9D538DEC-93EB-4623-B796-AB13968A241D}.Debug|Win32.ActiveCfg = Debug|Win32
		{9D538DEC-93EB-4623-B796-AB13968A241D}.Debug|Win32.Build.0 = Debug|Win32
		{9D538DEC-93EB-4623-B796-AB13968A241D}.MinSizeRel|Win32.ActiveCfg = Release|Win32
		{9D538DEC-93EB-4623-B796-AB13968A241D}.MinSizeRel|Win32.Build.0 = Release|Win32
		{9D538DEC-93EB-4623-B796-AB13968A241D}.Release|Win32.ActiveCfg = Release|Win32
		{9D538DEC-93EB-4623-B796-AB13968A241D}.Release|Win32.Build.0 = Release|Win32
		{9D538DEC-93EB-4623-B796-AB13968A241D}.RelWithDebInfo|Win32.ActiveCfg = Release|Win32
		{9D538DEC-93EB-4623-B796-AB13968A241D}.RelWithDebInfo|Win32.Build.0 = Release|Win32
		{465DE063-FA49-488F-8011-CBAEB067E1FE}.Debug|Win32.ActiveCfg = Debug|Win32
		{465DE063-FA49-488F-8011-CBAEB067E1FE}.Debug|Win32.Build.0 = Debug|Win32
		{465DE063-FA49-488F-8011-CBAEB067E1FE}.MinSizeRel|Win32.ActiveCfg = Release|Win32
		{465DE063-FA49-488F-8011-CBAEB067E1FE}.MinSizeRel|Win32.Build.0 = Release|Win32
		{465DE063-FA49-488F-8011-CBAEB067E1FE}.Release|Win32.ActiveCfg = Release|Win32
		{465DE063-FA49-488F-8011-CBAEB067E1FE}.Release|Win32.Build.0 = Release|Win32
		{465DE063-FA49-488F-8011-CBAEB067E1FE}.RelWithDebInfo|Win32.ActiveCfg = Release|Win32
		{465DE063-FA49-488F-8011-CBAEB067E1FE}.RelWithDebInfo|Win32.Build.0 = Release|Win32
		{DF3F25E3-CC4D-461E-AE5B-52F42DA11D31}.Debug|Win32.ActiveCfg = Debug|Win32
		{DF3F25E3-CC4D-461E-AE5B-52F42DA11D31}.Debug|Win32.Build.0 = Debug|Win32
		{DF3F25E3-CC4D-461E-AE5B-52F42DA11D31}.MinSizeRel|Win32.ActiveCfg = Release|Win32
		{DF3F25E3-CC4D-461E-AE5B-52F42DA11D31}.MinSizeRel|Win32.Build.0 = Release|Win32
		{DF3F25E3-CC4D-461E-AE5B-52F42DA11D31}.Release|Win32.ActiveCfg = Release|Win32
		{DF3F25E3-CC4D-461E-AE5B-52F42DA11D31}.Release|Win32.Build.0 = Release|Win32
		{DF3F25E3-CC4D-461E-AE5B-52F42DA11D31}.RelWithDebInfo|Win32.ActiveCfg = Release|Win32
		{DF3F25E3-CC4D-461E-AE5B-52F42DA11D31}.RelWithDebInfo|Win32.Build.0 = Release|Win32
		{15B5F37B-0DF2-4BEC-AAF0-B3D42F845897}.Debug|Win32.ActiveCfg = Debug|Win32
		{15B5F37B-0DF2-4BEC-AAF0-B3D42F845897}.Debug|Win32.Build.0 = Debug|Win32
		{15B5F37B-0DF2-4BEC-AAF0-B3D42F845897}.MinSizeRel|Win32.ActiveCfg = Release|Win32
		{15B5F37B-0DF2-4BEC-AAF0-B3D42F845897}.MinSizeRel|Win32.Build.0 = Release|Win32
		{15B5F37B-0DF2-4BEC-AAF0-B3D42F845897}.Release|Win32.ActiveCfg = Release|Win32
		{15B5F37B-0DF2-4BEC-AAF0-B3D42F845897}.Release|Win32.Build.0 = Release|Win32
		{15B5F37B-0DF2-4BEC-AAF0-B3D42F845897}.RelWithDebInfo|Win32.ActiveCfg = Release|Win32
		{15B5F37B-0DF2-4BEC-AAF0-B3D42F845897}.RelWithDebInfo|Win32.Build.0 = Release|Win32
		{B14C6E71-B782-4194-902E-E188DEAC78E6}.Debug|Win32.ActiveCfg = Debug|Win32
		{B14C6E71-B782-4194-902E-E188DEAC78E6}.Debug|Win32.Build.0 = Debug|Win32
		{B14C6E71-B782-4194-902E-E188DEAC78E6}.MinSizeRel|Win32.ActiveCfg = Release|Win32
		{B14C6E71-B782-4194-902E-E188DEAC78E6}.MinSizeRel|Win32.Build.0 = Release|Win32
		{B14C6E71-B782-4194-902E-E188DEAC78E6}.Release|Win32.ActiveCfg = Release|Win32
		{B14C6E71-B782-4194-902E-E188DEAC78E6}.Release|Win32.Build.0 = Release|Win32
		{B14C6E71-B782-4194-902E-E188DEAC78E6}.RelWithDebInfo|Win32.ActiveCfg = Release|Win32
		{B14C6E71-B782-4194-902E-E188DEAC78E6}.RelWithDebInfo|Win32.Build.0 = Release|Win32
		{44E08A73-9AF4-460D-8C3F-78C83ED02DBB}.Debug|Win32.ActiveCfg = Debug|Win32
		{44E08A73-9AF4-460D-8C3F-78C83ED02DBB}.Debug|Win32.Build.0 = Debug|Win32
		{44E08A73-9AF4-460D-8C3F-78C83ED02DBB}.MinSizeRel|Win32.ActiveCfg = Release|Win32
		{44E08A73-9AF4-460D-8C3F-78C83ED02DBB}.MinSizeRel|Win32.Build.0 = Release|Win32
		{44E08A73-9AF4-460D-8C3F-78C83ED02DBB}.Release|Win32.ActiveCfg = Release|Win32
		{44E08A73-9AF4-460D-8C3F-78C83ED02DBB}.Release|Win32.Build.0 = Release|Win32
		{44E08A73-9AF4-460D-8C3F-78C83ED02DBB}.RelWithDebInfo|Win32.ActiveCfg = Release|Win32
		{44E08A73-9AF4-460D-8C3F-78C83ED02DBB}.RelWithDebInfo|Win32.Build.0 = Release|Win32
		{2E6C3C4E-D2EF-4590-8C64-F07A9529DFE1}.Debug|Win32.ActiveCfg = Debug|Win32
		{2E6C3C4E-D2EF-4590-8C64-F07A9529DFE1}.Debug|Win32.Build.0 = Debug|Win32
		{2E6C3C4E-D2EF-4590-8C64-F07A9529DFE1}.MinSizeRel|Win32.ActiveCfg = Release|Win32
		{2E6C3C4E-D2EF-4590-8C64-F07A9529DFE1}.MinSizeRel|Win32.Build.0 = Release|Win32
		{2E6C3C4E-D2EF-4590-8C64-F07A9529DFE1}.Release|Win32.ActiveCfg = Release|Win32
		{2E6C3C4E-D2EF-4590-8C64-F07A9529DFE1}.Release|Win32.Build.0 = Release|Win32
		{2E6C3C4E-D2EF-4590-8C64-F07A9529DFE1}.RelWithDebInfo|Win32.ActiveCfg = Release|Win32
		{2E6C3C4E-D2EF-4590-8C64-F07A9529DFE1}.RelWithDebInfo|Win32.Build.0 = Release|Win32
		{7941C5D0-B889-418A-864B-EFF5EB073B6D}.Debug|Win32.ActiveCfg = Debug|Win32
		{7941C5D0-B889-418A-864B-EFF5EB073B6D}.Debug|Win32.Build.0 = Debug|Win32
		{7941C5D0-B889-418A-864B-EFF5EB073B6D}.MinSizeRel|Win32.ActiveCfg = Release|Win32
		{7941C5D0-B889-418A-864B-EFF5EB073B6D}.MinSizeRel|Win32.Build.0 = Release|Win32
		{7941C5D0-B889-418A-864B-EFF5EB073B6D}.Release|Win32.ActiveCfg = Release|Win32
		{7941C5D0-B889-418A-864B-EFF5EB073B6D}.Release|Win32.Build.0 = Release|Win32
		{7941C5D0-B889-418A-864B-EFF5EB073B6D}.RelWithDebInfo|Win32.ActiveCfg = Release|Win32
		{7941C5D0-B889-418A-864B-EFF5EB073B6D}.RelWithDebInfo|Win32.Build.0 = Release|Win32
		{9CCBA839-6B46-4D81-8256-4B90FC1A5C28}.Debug|Win32.ActiveCfg = Debug|Win32
		{9CCBA839-6B46-4D81-8256-4B90FC1A5C28}.Debug|Win32.Build.0 = Debug|Win32
		{9CCBA839-6B46-4D81-8256-4B90FC1A5C28}.MinSizeRel|Win32.ActiveCfg = Release|Win32
		{9CCBA839-6B46-4D81-8256-4B90FC1A5C28}.MinSizeRel|Win32.Build.0 = Release|Win32
		{9CCBA839-6B46-4D81-8256-4B90FC1A5C28}.Release|Win32.ActiveCfg = Release|Win32
		{9CCBA839-6B46-4D81-8256-4B90FC1A5C28}.Release|Win32.Build.0 = Release|Win32
		{9CCBA839-6B46-4D81-8256-4B90FC1A5C28}.RelWithDebInfo|Win32.ActiveCfg = Release|Win32
		{9CCBA839-6B46-4D81-8256-4B90FC1A5C28}.RelWithDebInfo|Win32.Build.0 = Release|Win32
		{83716FAC-173F-4711-B13A-F87B5DDCFAEE}.Debug|Win32.ActiveCfg = Debug|Win32
		{83716FAC-173F-4711-B13A-F87B5DDCFAEE}.Debug|Win32.Build.0 = Debug|Win32
		{83716FAC-173F-4711-B13A-F87B5DDCFAEE}.MinSizeRel|Win32.ActiveCfg = Release|Win32
		{83716FAC-173F-4711-B13A-F87B5DDCFAEE}.MinSizeRel|Win32.Build.0 = Release|Win32
		{83716FAC-173F-4711-B13A-F87B5DDCFAEE}.Release|Win32.ActiveCfg = Release|Win32
		{83716FAC-173F-4711-B13A-F87B5DDCFAEE}.Release|Win32.Build.0 = Release|Win32
		{83716FAC-173F-4711-B13A-F87B5DDCFAEE}.RelWithDebInfo|Win32.ActiveCfg = Release|Win32
		{83716FAC-173F-4711-B13A-F87B5DDCFAEE}.RelWithDebInfo|Win32.Build.0 = Release|Win32
	EndGlobalSection
	GlobalSection(SolutionProperties) = preSolution
		HideSolutionNode = FALSE
	EndGlobalSection
EndGlobal
